// !$*UTF8*$!
{
	archiveVersion = 1;
	classes = {
	};
	objectVersion = 46;
	objects = {

/* Begin PBXBuildFile section */
		CC86C3A71C167028005EBB06 /* ChatCell.m in Sources */ = {isa = PBXBuildFile; fileRef = CC86C3A61C167028005EBB06 /* ChatCell.m */; };
		CC86C3AD1C1675B4005EBB06 /* ChatModel.m in Sources */ = {isa = PBXBuildFile; fileRef = CC86C3AC1C1675B4005EBB06 /* ChatModel.m */; };
		CCC18DBC1C1582F600977208 /* main.m in Sources */ = {isa = PBXBuildFile; fileRef = CCC18DBB1C1582F600977208 /* main.m */; };
		CCC18DBF1C1582F600977208 /* AppDelegate.m in Sources */ = {isa = PBXBuildFile; fileRef = CCC18DBE1C1582F600977208 /* AppDelegate.m */; };
		CCC18DC21C1582F600977208 /* ViewController.m in Sources */ = {isa = PBXBuildFile; fileRef = CCC18DC11C1582F600977208 /* ViewController.m */; };
		CCC18DC51C1582F600977208 /* Main.storyboard in Resources */ = {isa = PBXBuildFile; fileRef = CCC18DC31C1582F600977208 /* Main.storyboard */; };
		CCC18DC71C1582F600977208 /* Assets.xcassets in Resources */ = {isa = PBXBuildFile; fileRef = CCC18DC61C1582F600977208 /* Assets.xcassets */; };
		CCC18DCA1C1582F600977208 /* LaunchScreen.storyboard in Resources */ = {isa = PBXBuildFile; fileRef = CCC18DC81C1582F600977208 /* LaunchScreen.storyboard */; };
		CCC18DD51C1582F600977208 /* _Tests.m in Sources */ = {isa = PBXBuildFile; fileRef = CCC18DD41C1582F600977208 /* _Tests.m */; };
		CCC18DE01C1582F600977208 /* _UITests.m in Sources */ = {isa = PBXBuildFile; fileRef = CCC18DDF1C1582F600977208 /* _UITests.m */; };
		CCEE495C1C16BA4B008DC21B /* AFHTTPRequestOperation.m in Sources */ = {isa = PBXBuildFile; fileRef = CCEE494A1C16BA4B008DC21B /* AFHTTPRequestOperation.m */; };
		CCEE495D1C16BA4B008DC21B /* AFHTTPRequestOperationManager.m in Sources */ = {isa = PBXBuildFile; fileRef = CCEE494C1C16BA4B008DC21B /* AFHTTPRequestOperationManager.m */; };
		CCEE495E1C16BA4B008DC21B /* AFHTTPSessionManager.m in Sources */ = {isa = PBXBuildFile; fileRef = CCEE494E1C16BA4B008DC21B /* AFHTTPSessionManager.m */; };
		CCEE495F1C16BA4B008DC21B /* AFNetworkReachabilityManager.m in Sources */ = {isa = PBXBuildFile; fileRef = CCEE49511C16BA4B008DC21B /* AFNetworkReachabilityManager.m */; };
		CCEE49601C16BA4B008DC21B /* AFSecurityPolicy.m in Sources */ = {isa = PBXBuildFile; fileRef = CCEE49531C16BA4B008DC21B /* AFSecurityPolicy.m */; };
		CCEE49611C16BA4B008DC21B /* AFURLConnectionOperation.m in Sources */ = {isa = PBXBuildFile; fileRef = CCEE49551C16BA4B008DC21B /* AFURLConnectionOperation.m */; };
		CCEE49621C16BA4B008DC21B /* AFURLRequestSerialization.m in Sources */ = {isa = PBXBuildFile; fileRef = CCEE49571C16BA4B008DC21B /* AFURLRequestSerialization.m */; };
		CCEE49631C16BA4B008DC21B /* AFURLResponseSerialization.m in Sources */ = {isa = PBXBuildFile; fileRef = CCEE49591C16BA4B008DC21B /* AFURLResponseSerialization.m */; };
		CCEE49641C16BA4B008DC21B /* AFURLSessionManager.m in Sources */ = {isa = PBXBuildFile; fileRef = CCEE495B1C16BA4B008DC21B /* AFURLSessionManager.m */; };
/* End PBXBuildFile section */

/* Begin PBXContainerItemProxy section */
		CCC18DD11C1582F600977208 /* PBXContainerItemProxy */ = {
			isa = PBXContainerItemProxy;
			containerPortal = CCC18DAF1C1582F600977208 /* Project object */;
			proxyType = 1;
			remoteGlobalIDString = CCC18DB61C1582F600977208;
			remoteInfo = "屏";
		};
		CCC18DDC1C1582F600977208 /* PBXContainerItemProxy */ = {
			isa = PBXContainerItemProxy;
			containerPortal = CCC18DAF1C1582F600977208 /* Project object */;
			proxyType = 1;
			remoteGlobalIDString = CCC18DB61C1582F600977208;
			remoteInfo = "屏";
		};
/* End PBXContainerItemProxy section */

/* Begin PBXFileReference section */
		CC86C3A51C167028005EBB06 /* ChatCell.h */ = {isa = PBXFileReference; fileEncoding = 4; lastKnownFileType = sourcecode.c.h; path = ChatCell.h; sourceTree = "<group>"; };
		CC86C3A61C167028005EBB06 /* ChatCell.m */ = {isa = PBXFileReference; fileEncoding = 4; lastKnownFileType = sourcecode.c.objc; path = ChatCell.m; sourceTree = "<group>"; };
		CC86C3A91C167433005EBB06 /* Common.h */ = {isa = PBXFileReference; lastKnownFileType = sourcecode.c.h; path = Common.h; sourceTree = "<group>"; };
		CC86C3AB1C1675B4005EBB06 /* ChatModel.h */ = {isa = PBXFileReference; fileEncoding = 4; lastKnownFileType = sourcecode.c.h; path = ChatModel.h; sourceTree = "<group>"; };
		CC86C3AC1C1675B4005EBB06 /* ChatModel.m */ = {isa = PBXFileReference; fileEncoding = 4; lastKnownFileType = sourcecode.c.objc; path = ChatModel.m; sourceTree = "<group>"; };
		CCC18DB71C1582F600977208 /* 屏.app */ = {isa = PBXFileReference; explicitFileType = wrapper.application; includeInIndex = 0; path = "屏.app"; sourceTree = BUILT_PRODUCTS_DIR; };
		CCC18DBB1C1582F600977208 /* main.m */ = {isa = PBXFileReference; lastKnownFileType = sourcecode.c.objc; path = main.m; sourceTree = "<group>"; };
		CCC18DBD1C1582F600977208 /* AppDelegate.h */ = {isa = PBXFileReference; lastKnownFileType = sourcecode.c.h; path = AppDelegate.h; sourceTree = "<group>"; };
		CCC18DBE1C1582F600977208 /* AppDelegate.m */ = {isa = PBXFileReference; lastKnownFileType = sourcecode.c.objc; path = AppDelegate.m; sourceTree = "<group>"; };
		CCC18DC01C1582F600977208 /* ViewController.h */ = {isa = PBXFileReference; lastKnownFileType = sourcecode.c.h; path = ViewController.h; sourceTree = "<group>"; };
		CCC18DC11C1582F600977208 /* ViewController.m */ = {isa = PBXFileReference; lastKnownFileType = sourcecode.c.objc; path = ViewController.m; sourceTree = "<group>"; };
		CCC18DC41C1582F600977208 /* Base */ = {isa = PBXFileReference; lastKnownFileType = file.storyboard; name = Base; path = Base.lproj/Main.storyboard; sourceTree = "<group>"; };
		CCC18DC61C1582F600977208 /* Assets.xcassets */ = {isa = PBXFileReference; lastKnownFileType = folder.assetcatalog; path = Assets.xcassets; sourceTree = "<group>"; };
		CCC18DC91C1582F600977208 /* Base */ = {isa = PBXFileReference; lastKnownFileType = file.storyboard; name = Base; path = Base.lproj/LaunchScreen.storyboard; sourceTree = "<group>"; };
		CCC18DCB1C1582F600977208 /* Info.plist */ = {isa = PBXFileReference; lastKnownFileType = text.plist.xml; path = Info.plist; sourceTree = "<group>"; };
		CCC18DD01C1582F600977208 /* 屏Tests.xctest */ = {isa = PBXFileReference; explicitFileType = wrapper.cfbundle; includeInIndex = 0; path = "屏Tests.xctest"; sourceTree = BUILT_PRODUCTS_DIR; };
		CCC18DD41C1582F600977208 /* _Tests.m */ = {isa = PBXFileReference; lastKnownFileType = sourcecode.c.objc; path = _Tests.m; sourceTree = "<group>"; };
		CCC18DD61C1582F600977208 /* Info.plist */ = {isa = PBXFileReference; lastKnownFileType = text.plist.xml; path = Info.plist; sourceTree = "<group>"; };
		CCC18DDB1C1582F600977208 /* 屏UITests.xctest */ = {isa = PBXFileReference; explicitFileType = wrapper.cfbundle; includeInIndex = 0; path = "屏UITests.xctest"; sourceTree = BUILT_PRODUCTS_DIR; };
		CCC18DDF1C1582F600977208 /* _UITests.m */ = {isa = PBXFileReference; lastKnownFileType = sourcecode.c.objc; path = _UITests.m; sourceTree = "<group>"; };
		CCC18DE11C1582F600977208 /* Info.plist */ = {isa = PBXFileReference; lastKnownFileType = text.plist.xml; path = Info.plist; sourceTree = "<group>"; };
		CCEE49491C16BA4B008DC21B /* AFHTTPRequestOperation.h */ = {isa = PBXFileReference; fileEncoding = 4; lastKnownFileType = sourcecode.c.h; path = AFHTTPRequestOperation.h; sourceTree = "<group>"; };
		CCEE494A1C16BA4B008DC21B /* AFHTTPRequestOperation.m */ = {isa = PBXFileReference; fileEncoding = 4; lastKnownFileType = sourcecode.c.objc; path = AFHTTPRequestOperation.m; sourceTree = "<group>"; };
		CCEE494B1C16BA4B008DC21B /* AFHTTPRequestOperationManager.h */ = {isa = PBXFileReference; fileEncoding = 4; lastKnownFileType = sourcecode.c.h; path = AFHTTPRequestOperationManager.h; sourceTree = "<group>"; };
		CCEE494C1C16BA4B008DC21B /* AFHTTPRequestOperationManager.m */ = {isa = PBXFileReference; fileEncoding = 4; lastKnownFileType = sourcecode.c.objc; path = AFHTTPRequestOperationManager.m; sourceTree = "<group>"; };
		CCEE494D1C16BA4B008DC21B /* AFHTTPSessionManager.h */ = {isa = PBXFileReference; fileEncoding = 4; lastKnownFileType = sourcecode.c.h; path = AFHTTPSessionManager.h; sourceTree = "<group>"; };
		CCEE494E1C16BA4B008DC21B /* AFHTTPSessionManager.m */ = {isa = PBXFileReference; fileEncoding = 4; lastKnownFileType = sourcecode.c.objc; path = AFHTTPSessionManager.m; sourceTree = "<group>"; };
		CCEE494F1C16BA4B008DC21B /* AFNetworking.h */ = {isa = PBXFileReference; fileEncoding = 4; lastKnownFileType = sourcecode.c.h; path = AFNetworking.h; sourceTree = "<group>"; };
		CCEE49501C16BA4B008DC21B /* AFNetworkReachabilityManager.h */ = {isa = PBXFileReference; fileEncoding = 4; lastKnownFileType = sourcecode.c.h; path = AFNetworkReachabilityManager.h; sourceTree = "<group>"; };
		CCEE49511C16BA4B008DC21B /* AFNetworkReachabilityManager.m */ = {isa = PBXFileReference; fileEncoding = 4; lastKnownFileType = sourcecode.c.objc; path = AFNetworkReachabilityManager.m; sourceTree = "<group>"; };
		CCEE49521C16BA4B008DC21B /* AFSecurityPolicy.h */ = {isa = PBXFileReference; fileEncoding = 4; lastKnownFileType = sourcecode.c.h; path = AFSecurityPolicy.h; sourceTree = "<group>"; };
		CCEE49531C16BA4B008DC21B /* AFSecurityPolicy.m */ = {isa = PBXFileReference; fileEncoding = 4; lastKnownFileType = sourcecode.c.objc; path = AFSecurityPolicy.m; sourceTree = "<group>"; };
		CCEE49541C16BA4B008DC21B /* AFURLConnectionOperation.h */ = {isa = PBXFileReference; fileEncoding = 4; lastKnownFileType = sourcecode.c.h; path = AFURLConnectionOperation.h; sourceTree = "<group>"; };
		CCEE49551C16BA4B008DC21B /* AFURLConnectionOperation.m */ = {isa = PBXFileReference; fileEncoding = 4; lastKnownFileType = sourcecode.c.objc; path = AFURLConnectionOperation.m; sourceTree = "<group>"; };
		CCEE49561C16BA4B008DC21B /* AFURLRequestSerialization.h */ = {isa = PBXFileReference; fileEncoding = 4; lastKnownFileType = sourcecode.c.h; path = AFURLRequestSerialization.h; sourceTree = "<group>"; };
		CCEE49571C16BA4B008DC21B /* AFURLRequestSerialization.m */ = {isa = PBXFileReference; fileEncoding = 4; lastKnownFileType = sourcecode.c.objc; path = AFURLRequestSerialization.m; sourceTree = "<group>"; };
		CCEE49581C16BA4B008DC21B /* AFURLResponseSerialization.h */ = {isa = PBXFileReference; fileEncoding = 4; lastKnownFileType = sourcecode.c.h; path = AFURLResponseSerialization.h; sourceTree = "<group>"; };
		CCEE49591C16BA4B008DC21B /* AFURLResponseSerialization.m */ = {isa = PBXFileReference; fileEncoding = 4; lastKnownFileType = sourcecode.c.objc; path = AFURLResponseSerialization.m; sourceTree = "<group>"; };
		CCEE495A1C16BA4B008DC21B /* AFURLSessionManager.h */ = {isa = PBXFileReference; fileEncoding = 4; lastKnownFileType = sourcecode.c.h; path = AFURLSessionManager.h; sourceTree = "<group>"; };
		CCEE495B1C16BA4B008DC21B /* AFURLSessionManager.m */ = {isa = PBXFileReference; fileEncoding = 4; lastKnownFileType = sourcecode.c.objc; path = AFURLSessionManager.m; sourceTree = "<group>"; };
/* End PBXFileReference section */

/* Begin PBXFrameworksBuildPhase section */
		CCC18DB41C1582F600977208 /* Frameworks */ = {
			isa = PBXFrameworksBuildPhase;
			buildActionMask = 2147483647;
			files = (
			);
			runOnlyForDeploymentPostprocessing = 0;
		};
		CCC18DCD1C1582F600977208 /* Frameworks */ = {
			isa = PBXFrameworksBuildPhase;
			buildActionMask = 2147483647;
			files = (
			);
			runOnlyForDeploymentPostprocessing = 0;
		};
		CCC18DD81C1582F600977208 /* Frameworks */ = {
			isa = PBXFrameworksBuildPhase;
			buildActionMask = 2147483647;
			files = (
			);
			runOnlyForDeploymentPostprocessing = 0;
		};
/* End PBXFrameworksBuildPhase section */

/* Begin PBXGroup section */
		CC86C3A41C166FE2005EBB06 /* View */ = {
			isa = PBXGroup;
			children = (
				CCC18DC31C1582F600977208 /* Main.storyboard */,
				CC86C3A51C167028005EBB06 /* ChatCell.h */,
				CC86C3A61C167028005EBB06 /* ChatCell.m */,
			);
			name = View;
			sourceTree = "<group>";
		};
		CC86C3A81C16741D005EBB06 /* Other */ = {
			isa = PBXGroup;
			children = (
				CCEE49481C16BA4B008DC21B /* AFNetworking */,
				CC86C3A91C167433005EBB06 /* Common.h */,
			);
			name = Other;
			sourceTree = "<group>";
		};
		CC86C3AA1C167592005EBB06 /* Model */ = {
			isa = PBXGroup;
			children = (
				CC86C3AB1C1675B4005EBB06 /* ChatModel.h */,
				CC86C3AC1C1675B4005EBB06 /* ChatModel.m */,
			);
			name = Model;
			sourceTree = "<group>";
		};
		CC86C3AE1C167978005EBB06 /* Controller */ = {
			isa = PBXGroup;
			children = (
				CCC18DC01C1582F600977208 /* ViewController.h */,
				CCC18DC11C1582F600977208 /* ViewController.m */,
			);
			name = Controller;
			sourceTree = "<group>";
		};
		CCC18DAE1C1582F600977208 = {
			isa = PBXGroup;
			children = (
				CCC18DB91C1582F600977208 /* 屏 */,
				CCC18DD31C1582F600977208 /* 屏Tests */,
				CCC18DDE1C1582F600977208 /* 屏UITests */,
				CCC18DB81C1582F600977208 /* Products */,
			);
			sourceTree = "<group>";
		};
		CCC18DB81C1582F600977208 /* Products */ = {
			isa = PBXGroup;
			children = (
				CCC18DB71C1582F600977208 /* 屏.app */,
				CCC18DD01C1582F600977208 /* 屏Tests.xctest */,
				CCC18DDB1C1582F600977208 /* 屏UITests.xctest */,
			);
			name = Products;
			sourceTree = "<group>";
		};
		CCC18DB91C1582F600977208 /* 屏 */ = {
			isa = PBXGroup;
			children = (
				CC86C3A81C16741D005EBB06 /* Other */,
				CC86C3AA1C167592005EBB06 /* Model */,
				CC86C3A41C166FE2005EBB06 /* View */,
				CC86C3AE1C167978005EBB06 /* Controller */,
				CCC18DBD1C1582F600977208 /* AppDelegate.h */,
				CCC18DBE1C1582F600977208 /* AppDelegate.m */,
				CCC18DC61C1582F600977208 /* Assets.xcassets */,
				CCC18DC81C1582F600977208 /* LaunchScreen.storyboard */,
				CCC18DCB1C1582F600977208 /* Info.plist */,
				CCC18DBA1C1582F600977208 /* Supporting Files */,
			);
			path = "屏";
			sourceTree = "<group>";
		};
		CCC18DBA1C1582F600977208 /* Supporting Files */ = {
			isa = PBXGroup;
			children = (
				CCC18DBB1C1582F600977208 /* main.m */,
			);
			name = "Supporting Files";
			sourceTree = "<group>";
		};
		CCC18DD31C1582F600977208 /* 屏Tests */ = {
			isa = PBXGroup;
			children = (
				CCC18DD41C1582F600977208 /* _Tests.m */,
				CCC18DD61C1582F600977208 /* Info.plist */,
			);
			path = "屏Tests";
			sourceTree = "<group>";
		};
		CCC18DDE1C1582F600977208 /* 屏UITests */ = {
			isa = PBXGroup;
			children = (
				CCC18DDF1C1582F600977208 /* _UITests.m */,
				CCC18DE11C1582F600977208 /* Info.plist */,
			);
			path = "屏UITests";
			sourceTree = "<group>";
		};
		CCEE49481C16BA4B008DC21B /* AFNetworking */ = {
			isa = PBXGroup;
			children = (
				CCEE49491C16BA4B008DC21B /* AFHTTPRequestOperation.h */,
				CCEE494A1C16BA4B008DC21B /* AFHTTPRequestOperation.m */,
				CCEE494B1C16BA4B008DC21B /* AFHTTPRequestOperationManager.h */,
				CCEE494C1C16BA4B008DC21B /* AFHTTPRequestOperationManager.m */,
				CCEE494D1C16BA4B008DC21B /* AFHTTPSessionManager.h */,
				CCEE494E1C16BA4B008DC21B /* AFHTTPSessionManager.m */,
				CCEE494F1C16BA4B008DC21B /* AFNetworking.h */,
				CCEE49501C16BA4B008DC21B /* AFNetworkReachabilityManager.h */,
				CCEE49511C16BA4B008DC21B /* AFNetworkReachabilityManager.m */,
				CCEE49521C16BA4B008DC21B /* AFSecurityPolicy.h */,
				CCEE49531C16BA4B008DC21B /* AFSecurityPolicy.m */,
				CCEE49541C16BA4B008DC21B /* AFURLConnectionOperation.h */,
				CCEE49551C16BA4B008DC21B /* AFURLConnectionOperation.m */,
				CCEE49561C16BA4B008DC21B /* AFURLRequestSerialization.h */,
				CCEE49571C16BA4B008DC21B /* AFURLRequestSerialization.m */,
				CCEE49581C16BA4B008DC21B /* AFURLResponseSerialization.h */,
				CCEE49591C16BA4B008DC21B /* AFURLResponseSerialization.m */,
				CCEE495A1C16BA4B008DC21B /* AFURLSessionManager.h */,
				CCEE495B1C16BA4B008DC21B /* AFURLSessionManager.m */,
			);
			path = AFNetworking;
			sourceTree = "<group>";
		};
/* End PBXGroup section */

/* Begin PBXNativeTarget section */
		CCC18DB61C1582F600977208 /* 屏 */ = {
			isa = PBXNativeTarget;
			buildConfigurationList = CCC18DE41C1582F600977208 /* Build configuration list for PBXNativeTarget "屏" */;
			buildPhases = (
				CCC18DB31C1582F600977208 /* Sources */,
				CCC18DB41C1582F600977208 /* Frameworks */,
				CCC18DB51C1582F600977208 /* Resources */,
			);
			buildRules = (
			);
			dependencies = (
			);
			name = "屏";
			productName = "屏";
			productReference = CCC18DB71C1582F600977208 /* 屏.app */;
			productType = "com.apple.product-type.application";
		};
		CCC18DCF1C1582F600977208 /* 屏Tests */ = {
			isa = PBXNativeTarget;
			buildConfigurationList = CCC18DE71C1582F600977208 /* Build configuration list for PBXNativeTarget "屏Tests" */;
			buildPhases = (
				CCC18DCC1C1582F600977208 /* Sources */,
				CCC18DCD1C1582F600977208 /* Frameworks */,
				CCC18DCE1C1582F600977208 /* Resources */,
			);
			buildRules = (
			);
			dependencies = (
				CCC18DD21C1582F600977208 /* PBXTargetDependency */,
			);
			name = "屏Tests";
			productName = "屏Tests";
			productReference = CCC18DD01C1582F600977208 /* 屏Tests.xctest */;
			productType = "com.apple.product-type.bundle.unit-test";
		};
		CCC18DDA1C1582F600977208 /* 屏UITests */ = {
			isa = PBXNativeTarget;
			buildConfigurationList = CCC18DEA1C1582F600977208 /* Build configuration list for PBXNativeTarget "屏UITests" */;
			buildPhases = (
				CCC18DD71C1582F600977208 /* Sources */,
				CCC18DD81C1582F600977208 /* Frameworks */,
				CCC18DD91C1582F600977208 /* Resources */,
			);
			buildRules = (
			);
			dependencies = (
				CCC18DDD1C1582F600977208 /* PBXTargetDependency */,
			);
			name = "屏UITests";
			productName = "屏UITests";
			productReference = CCC18DDB1C1582F600977208 /* 屏UITests.xctest */;
			productType = "com.apple.product-type.bundle.ui-testing";
		};
/* End PBXNativeTarget section */

/* Begin PBXProject section */
		CCC18DAF1C1582F600977208 /* Project object */ = {
			isa = PBXProject;
			attributes = {
				LastUpgradeCheck = 0710;
				ORGANIZATIONNAME = zhangxuecheng;
				TargetAttributes = {
					CCC18DB61C1582F600977208 = {
						CreatedOnToolsVersion = 7.1.1;
					};
					CCC18DCF1C1582F600977208 = {
						CreatedOnToolsVersion = 7.1.1;
						TestTargetID = CCC18DB61C1582F600977208;
					};
					CCC18DDA1C1582F600977208 = {
						CreatedOnToolsVersion = 7.1.1;
						TestTargetID = CCC18DB61C1582F600977208;
					};
				};
			};
			buildConfigurationList = CCC18DB21C1582F600977208 /* Build configuration list for PBXProject "屏" */;
			compatibilityVersion = "Xcode 3.2";
			developmentRegion = English;
			hasScannedForEncodings = 0;
			knownRegions = (
				en,
				Base,
			);
			mainGroup = CCC18DAE1C1582F600977208;
			productRefGroup = CCC18DB81C1582F600977208 /* Products */;
			projectDirPath = "";
			projectRoot = "";
			targets = (
				CCC18DB61C1582F600977208 /* 屏 */,
				CCC18DCF1C1582F600977208 /* 屏Tests */,
				CCC18DDA1C1582F600977208 /* 屏UITests */,
			);
		};
/* End PBXProject section */

/* Begin PBXResourcesBuildPhase section */
		CCC18DB51C1582F600977208 /* Resources */ = {
			isa = PBXResourcesBuildPhase;
			buildActionMask = 2147483647;
			files = (
				CCC18DCA1C1582F600977208 /* LaunchScreen.storyboard in Resources */,
				CCC18DC71C1582F600977208 /* Assets.xcassets in Resources */,
				CCC18DC51C1582F600977208 /* Main.storyboard in Resources */,
			);
			runOnlyForDeploymentPostprocessing = 0;
		};
		CCC18DCE1C1582F600977208 /* Resources */ = {
			isa = PBXResourcesBuildPhase;
			buildActionMask = 2147483647;
			files = (
			);
			runOnlyForDeploymentPostprocessing = 0;
		};
		CCC18DD91C1582F600977208 /* Resources */ = {
			isa = PBXResourcesBuildPhase;
			buildActionMask = 2147483647;
			files = (
			);
			runOnlyForDeploymentPostprocessing = 0;
		};
/* End PBXResourcesBuildPhase section */

/* Begin PBXSourcesBuildPhase section */
		CCC18DB31C1582F600977208 /* Sources */ = {
			isa = PBXSourcesBuildPhase;
			buildActionMask = 2147483647;
			files = (
				CCEE49611C16BA4B008DC21B /* AFURLConnectionOperation.m in Sources */,
				CCEE495C1C16BA4B008DC21B /* AFHTTPRequestOperation.m in Sources */,
				CCEE495F1C16BA4B008DC21B /* AFNetworkReachabilityManager.m in Sources */,
				CCEE49641C16BA4B008DC21B /* AFURLSessionManager.m in Sources */,
				CCEE49621C16BA4B008DC21B /* AFURLRequestSerialization.m in Sources */,
				CCC18DC21C1582F600977208 /* ViewController.m in Sources */,
				CCEE49631C16BA4B008DC21B /* AFURLResponseSerialization.m in Sources */,
				CC86C3A71C167028005EBB06 /* ChatCell.m in Sources */,
				CCC18DBF1C1582F600977208 /* AppDelegate.m in Sources */,
				CCEE495D1C16BA4B008DC21B /* AFHTTPRequestOperationManager.m in Sources */,
				CCEE49601C16BA4B008DC21B /* AFSecurityPolicy.m in Sources */,
				CC86C3AD1C1675B4005EBB06 /* ChatModel.m in Sources */,
				CCC18DBC1C1582F600977208 /* main.m in Sources */,
				CCEE495E1C16BA4B008DC21B /* AFHTTPSessionManager.m in Sources */,
			);
			runOnlyForDeploymentPostprocessing = 0;
		};
		CCC18DCC1C1582F600977208 /* Sources */ = {
			isa = PBXSourcesBuildPhase;
			buildActionMask = 2147483647;
			files = (
				CCC18DD51C1582F600977208 /* _Tests.m in Sources */,
			);
			runOnlyForDeploymentPostprocessing = 0;
		};
		CCC18DD71C1582F600977208 /* Sources */ = {
			isa = PBXSourcesBuildPhase;
			buildActionMask = 2147483647;
			files = (
				CCC18DE01C1582F600977208 /* _UITests.m in Sources */,
			);
			runOnlyForDeploymentPostprocessing = 0;
		};
/* End PBXSourcesBuildPhase section */

/* Begin PBXTargetDependency section */
		CCC18DD21C1582F600977208 /* PBXTargetDependency */ = {
			isa = PBXTargetDependency;
			target = CCC18DB61C1582F600977208 /* 屏 */;
			targetProxy = CCC18DD11C1582F600977208 /* PBXContainerItemProxy */;
		};
		CCC18DDD1C1582F600977208 /* PBXTargetDependency */ = {
			isa = PBXTargetDependency;
			target = CCC18DB61C1582F600977208 /* 屏 */;
			targetProxy = CCC18DDC1C1582F600977208 /* PBXContainerItemProxy */;
		};
/* End PBXTargetDependency section */

/* Begin PBXVariantGroup section */
		CCC18DC31C1582F600977208 /* Main.storyboard */ = {
			isa = PBXVariantGroup;
			children = (
				CCC18DC41C1582F600977208 /* Base */,
			);
			name = Main.storyboard;
			sourceTree = "<group>";
		};
		CCC18DC81C1582F600977208 /* LaunchScreen.storyboard */ = {
			isa = PBXVariantGroup;
			children = (
				CCC18DC91C1582F600977208 /* Base */,
			);
			name = LaunchScreen.storyboard;
			sourceTree = "<group>";
		};
/* End PBXVariantGroup section */

/* Begin XCBuildConfiguration section */
		CCC18DE21C1582F600977208 /* Debug */ = {
			isa = XCBuildConfiguration;
			buildSettings = {
				ALWAYS_SEARCH_USER_PATHS = NO;
				CLANG_CXX_LANGUAGE_STANDARD = "gnu++0x";
				CLANG_CXX_LIBRARY = "libc++";
				CLANG_ENABLE_MODULES = YES;
				CLANG_ENABLE_OBJC_ARC = YES;
				CLANG_WARN_BOOL_CONVERSION = YES;
				CLANG_WARN_CONSTANT_CONVERSION = YES;
				CLANG_WARN_DIRECT_OBJC_ISA_USAGE = YES_ERROR;
				CLANG_WARN_EMPTY_BODY = YES;
				CLANG_WARN_ENUM_CONVERSION = YES;
				CLANG_WARN_INT_CONVERSION = YES;
				CLANG_WARN_OBJC_ROOT_CLASS = YES_ERROR;
				CLANG_WARN_UNREACHABLE_CODE = YES;
				CLANG_WARN__DUPLICATE_METHOD_MATCH = YES;
				"CODE_SIGN_IDENTITY[sdk=iphoneos*]" = "iPhone Developer";
				COPY_PHASE_STRIP = NO;
				DEBUG_INFORMATION_FORMAT = dwarf;
				ENABLE_STRICT_OBJC_MSGSEND = YES;
				ENABLE_TESTABILITY = YES;
				GCC_C_LANGUAGE_STANDARD = gnu99;
				GCC_DYNAMIC_NO_PIC = NO;
				GCC_NO_COMMON_BLOCKS = YES;
				GCC_OPTIMIZATION_LEVEL = 0;
				GCC_PREPROCESSOR_DEFINITIONS = (
					"DEBUG=1",
					"$(inherited)",
				);
				GCC_WARN_64_TO_32_BIT_CONVERSION = YES;
				GCC_WARN_ABOUT_RETURN_TYPE = YES_ERROR;
				GCC_WARN_UNDECLARED_SELECTOR = YES;
				GCC_WARN_UNINITIALIZED_AUTOS = YES_AGGRESSIVE;
				GCC_WARN_UNUSED_FUNCTION = YES;
				GCC_WARN_UNUSED_VARIABLE = YES;
				IPHONEOS_DEPLOYMENT_TARGET = 9.1;
				MTL_ENABLE_DEBUG_INFO = YES;
				ONLY_ACTIVE_ARCH = YES;
				SDKROOT = iphoneos;
				TARGETED_DEVICE_FAMILY = "1,2";
			};
			name = Debug;
		};
		CCC18DE31C1582F600977208 /* Release */ = {
			isa = XCBuildConfiguration;
			buildSettings = {
				ALWAYS_SEARCH_USER_PATHS = NO;
				CLANG_CXX_LANGUAGE_STANDARD = "gnu++0x";
				CLANG_CXX_LIBRARY = "libc++";
				CLANG_ENABLE_MODULES = YES;
				CLANG_ENABLE_OBJC_ARC = YES;
				CLANG_WARN_BOOL_CONVERSION = YES;
				CLANG_WARN_CONSTANT_CONVERSION = YES;
				CLANG_WARN_DIRECT_OBJC_ISA_USAGE = YES_ERROR;
				CLANG_WARN_EMPTY_BODY = YES;
				CLANG_WARN_ENUM_CONVERSION = YES;
				CLANG_WARN_INT_CONVERSION = YES;
				CLANG_WARN_OBJC_ROOT_CLASS = YES_ERROR;
				CLANG_WARN_UNREACHABLE_CODE = YES;
				CLANG_WARN__DUPLICATE_METHOD_MATCH = YES;
				"CODE_SIGN_IDENTITY[sdk=iphoneos*]" = "iPhone Developer";
				COPY_PHASE_STRIP = NO;
				DEBUG_INFORMATION_FORMAT = "dwarf-with-dsym";
				ENABLE_NS_ASSERTIONS = NO;
				ENABLE_STRICT_OBJC_MSGSEND = YES;
				GCC_C_LANGUAGE_STANDARD = gnu99;
				GCC_NO_COMMON_BLOCKS = YES;
				GCC_WARN_64_TO_32_BIT_CONVERSION = YES;
				GCC_WARN_ABOUT_RETURN_TYPE = YES_ERROR;
				GCC_WARN_UNDECLARED_SELECTOR = YES;
				GCC_WARN_UNINITIALIZED_AUTOS = YES_AGGRESSIVE;
				GCC_WARN_UNUSED_FUNCTION = YES;
				GCC_WARN_UNUSED_VARIABLE = YES;
				IPHONEOS_DEPLOYMENT_TARGET = 9.1;
				MTL_ENABLE_DEBUG_INFO = NO;
				SDKROOT = iphoneos;
				TARGETED_DEVICE_FAMILY = "1,2";
				VALIDATE_PRODUCT = YES;
			};
			name = Release;
		};
		CCC18DE51C1582F600977208 /* Debug */ = {
			isa = XCBuildConfiguration;
			buildSettings = {
				ASSETCATALOG_COMPILER_APPICON_NAME = AppIcon;
				INFOPLIST_FILE = "屏/Info.plist";
				LD_RUNPATH_SEARCH_PATHS = "$(inherited) @executable_path/Frameworks";
				PRODUCT_BUNDLE_IDENTIFIER = "com.zxc.zxc.-";
				PRODUCT_NAME = "$(TARGET_NAME)";
			};
			name = Debug;
		};
		CCC18DE61C1582F600977208 /* Release */ = {
			isa = XCBuildConfiguration;
			buildSettings = {
				ASSETCATALOG_COMPILER_APPICON_NAME = AppIcon;
				INFOPLIST_FILE = "屏/Info.plist";
				LD_RUNPATH_SEARCH_PATHS = "$(inherited) @executable_path/Frameworks";
				PRODUCT_BUNDLE_IDENTIFIER = "com.zxc.zxc.-";
				PRODUCT_NAME = "$(TARGET_NAME)";
			};
			name = Release;
		};
		CCC18DE81C1582F600977208 /* Debug */ = {
			isa = XCBuildConfiguration;
			buildSettings = {
				BUNDLE_LOADER = "$(TEST_HOST)";
				INFOPLIST_FILE = "屏Tests/Info.plist";
				LD_RUNPATH_SEARCH_PATHS = "$(inherited) @executable_path/Frameworks @loader_path/Frameworks";
				PRODUCT_BUNDLE_IDENTIFIER = "com.zxc.zxc.-Tests";
				PRODUCT_NAME = "$(TARGET_NAME)";
				TEST_HOST = "$(BUILT_PRODUCTS_DIR)/屏.app/屏";
			};
			name = Debug;
		};
		CCC18DE91C1582F600977208 /* Release */ = {
			isa = XCBuildConfiguration;
			buildSettings = {
				BUNDLE_LOADER = "$(TEST_HOST)";
				INFOPLIST_FILE = "屏Tests/Info.plist";
				LD_RUNPATH_SEARCH_PATHS = "$(inherited) @executable_path/Frameworks @loader_path/Frameworks";
				PRODUCT_BUNDLE_IDENTIFIER = "com.zxc.zxc.-Tests";
				PRODUCT_NAME = "$(TARGET_NAME)";
				TEST_HOST = "$(BUILT_PRODUCTS_DIR)/屏.app/屏";
			};
			name = Release;
		};
		CCC18DEB1C1582F600977208 /* Debug */ = {
			isa = XCBuildConfiguration;
			buildSettings = {
				INFOPLIST_FILE = "屏UITests/Info.plist";
				LD_RUNPATH_SEARCH_PATHS = "$(inherited) @executable_path/Frameworks @loader_path/Frameworks";
				PRODUCT_BUNDLE_IDENTIFIER = "com.zxc.zxc.-UITests";
				PRODUCT_NAME = "$(TARGET_NAME)";
				TEST_TARGET_NAME = "屏";
				USES_XCTRUNNER = YES;
			};
			name = Debug;
		};
		CCC18DEC1C1582F600977208 /* Release */ = {
			isa = XCBuildConfiguration;
			buildSettings = {
				INFOPLIST_FILE = "屏UITests/Info.plist";
				LD_RUNPATH_SEARCH_PATHS = "$(inherited) @executable_path/Frameworks @loader_path/Frameworks";
				PRODUCT_BUNDLE_IDENTIFIER = "com.zxc.zxc.-UITests";
				PRODUCT_NAME = "$(TARGET_NAME)";
				TEST_TARGET_NAME = "屏";
				USES_XCTRUNNER = YES;
			};
			name = Release;
		};
/* End XCBuildConfiguration section */

/* Begin XCConfigurationList section */
		CCC18DB21C1582F600977208 /* Build configuration list for PBXProject "屏" */ = {
			isa = XCConfigurationList;
			buildConfigurations = (
				CCC18DE21C1582F600977208 /* Debug */,
				CCC18DE31C1582F600977208 /* Release */,
			);
			defaultConfigurationIsVisible = 0;
			defaultConfigurationName = Release;
		};
		CCC18DE41C1582F600977208 /* Build configuration list for PBXNativeTarget "屏" */ = {
			isa = XCConfigurationList;
			buildConfigurations = (
				CCC18DE51C1582F600977208 /* Debug */,
				CCC18DE61C1582F600977208 /* Release */,
			);
			defaultConfigurationIsVisible = 0;
			defaultConfigurationName = Release;
		};
		CCC18DE71C1582F600977208 /* Build configuration list for PBXNativeTarget "屏Tests" */ = {
			isa = XCConfigurationList;
			buildConfigurations = (
				CCC18DE81C1582F600977208 /* Debug */,
				CCC18DE91C1582F600977208 /* Release */,
			);
			defaultConfigurationIsVisible = 0;
			defaultConfigurationName = Release;
		};
		CCC18DEA1C1582F600977208 /* Build configuration list for PBXNativeTarget "屏UITests" */ = {
			isa = XCConfigurationList;
			buildConfigurations = (
				CCC18DEB1C1582F600977208 /* Debug */,
				CCC18DEC1C1582F600977208 /* Release */,
			);
			defaultConfigurationIsVisible = 0;
			defaultConfigurationName = Release;
		};
/* End XCConfigurationList section */
	};
	rootObject = CCC18DAF1C1582F600977208 /* Project object */;
}
